
Microsoft Visual Studio Solution File, Format Version 12.00
# Visual Studio Version 17
VisualStudioVersion = 17.6.33829.357
MinimumVisualStudioVersion = 10.0.40219.1
Project("{FAE04EC0-301F-11D3-BF4B-00C04F79EFBC}") = "PokeDex.Android", "PokeDex\PokeDex.Android\PokeDex.Android.csproj", "{FA2F783A-3A28-4CB3-9392-7ABED6126FB9}"
EndProject
Project("{FAE04EC0-301F-11D3-BF4B-00C04F79EFBC}") = "PokeDex.iOS", "PokeDex\PokeDex.iOS\PokeDex.iOS.csproj", "{AFE3D65B-15F5-4D65-B80F-15712B9AF151}"
EndProject
Project("{FAE04EC0-301F-11D3-BF4B-00C04F79EFBC}") = "PokeDex", "PokeDex\PokeDex\PokeDex.csproj", "{A295E98B-F5A7-4A78-A312-1143B46A3B7E}"
EndProject
Global
	GlobalSection(SolutionConfigurationPlatforms) = preSolution
		Debug|Any CPU = Debug|Any CPU
		Debug|iPhone = Debug|iPhone
		Debug|iPhoneSimulator = Debug|iPhoneSimulator
		Release|Any CPU = Release|Any CPU
		Release|iPhone = Release|iPhone
		Release|iPhoneSimulator = Release|iPhoneSimulator
	EndGlobalSection
	GlobalSection(ProjectConfigurationPlatforms) = postSolution
		{FA2F783A-3A28-4CB3-9392-7ABED6126FB9}.Debug|Any CPU.ActiveCfg = Debug|Any CPU
		{FA2F783A-3A28-4CB3-9392-7ABED6126FB9}.Debug|Any CPU.Build.0 = Debug|Any CPU
		{FA2F783A-3A28-4CB3-9392-7ABED6126FB9}.Debug|Any CPU.Deploy.0 = Debug|Any CPU
		{FA2F783A-3A28-4CB3-9392-7ABED6126FB9}.Debug|iPhone.ActiveCfg = Debug|Any CPU
		{FA2F783A-3A28-4CB3-9392-7ABED6126FB9}.Debug|iPhone.Build.0 = Debug|Any CPU
		{FA2F783A-3A28-4CB3-9392-7ABED6126FB9}.Debug|iPhone.Deploy.0 = Debug|Any CPU
		{FA2F783A-3A28-4CB3-9392-7ABED6126FB9}.Debug|iPhoneSimulator.ActiveCfg = Debug|Any CPU
		{FA2F783A-3A28-4CB3-9392-7ABED6126FB9}.Debug|iPhoneSimulator.Build.0 = Debug|Any CPU
		{FA2F783A-3A28-4CB3-9392-7ABED6126FB9}.Debug|iPhoneSimulator.Deploy.0 = Debug|Any CPU
		{FA2F783A-3A28-4CB3-9392-7ABED6126FB9}.Release|Any CPU.ActiveCfg = Release|Any CPU
		{FA2F783A-3A28-4CB3-9392-7ABED6126FB9}.Release|Any CPU.Build.0 = Release|Any CPU
		{FA2F783A-3A28-4CB3-9392-7ABED6126FB9}.Release|Any CPU.Deploy.0 = Release|Any CPU
		{FA2F783A-3A28-4CB3-9392-7ABED6126FB9}.Release|iPhone.ActiveCfg = Release|Any CPU
		{FA2F783A-3A28-4CB3-9392-7ABED6126FB9}.Release|iPhone.Build.0 = Release|Any CPU
		{FA2F783A-3A28-4CB3-9392-7ABED6126FB9}.Release|iPhone.Deploy.0 = Release|Any CPU
		{FA2F783A-3A28-4CB3-9392-7ABED6126FB9}.Release|iPhoneSimulator.ActiveCfg = Release|Any CPU
		{FA2F783A-3A28-4CB3-9392-7ABED6126FB9}.Release|iPhoneSimulator.Build.0 = Release|Any CPU
		{FA2F783A-3A28-4CB3-9392-7ABED6126FB9}.Release|iPhoneSimulator.Deploy.0 = Release|Any CPU
		{AFE3D65B-15F5-4D65-B80F-15712B9AF151}.Debug|Any CPU.ActiveCfg = Debug|iPhone
		{AFE3D65B-15F5-4D65-B80F-15712B9AF151}.Debug|Any CPU.Build.0 = Debug|iPhone
		{AFE3D65B-15F5-4D65-B80F-15712B9AF151}.Debug|Any CPU.Deploy.0 = Debug|iPhone
		{AFE3D65B-15F5-4D65-B80F-15712B9AF151}.Debug|iPhone.ActiveCfg = Debug|iPhone
		{AFE3D65B-15F5-4D65-B80F-15712B9AF151}.Debug|iPhone.Build.0 = Debug|iPhone
		{AFE3D65B-15F5-4D65-B80F-15712B9AF151}.Debug|iPhone.Deploy.0 = Debug|iPhone
		{AFE3D65B-15F5-4D65-B80F-15712B9AF151}.Debug|iPhoneSimulator.ActiveCfg = Debug|iPhoneSimulator
		{AFE3D65B-15F5-4D65-B80F-15712B9AF151}.Debug|iPhoneSimulator.Build.0 = Debug|iPhoneSimulator
		{AFE3D65B-15F5-4D65-B80F-15712B9AF151}.Debug|iPhoneSimulator.Deploy.0 = Debug|iPhoneSimulator
		{AFE3D65B-15F5-4D65-B80F-15712B9AF151}.Release|Any CPU.ActiveCfg = Release|iPhoneSimulator
		{AFE3D65B-15F5-4D65-B80F-15712B9AF151}.Release|Any CPU.Build.0 = Release|iPhoneSimulator
		{AFE3D65B-15F5-4D65-B80F-15712B9AF151}.Release|Any CPU.Deploy.0 = Release|iPhoneSimulator
		{AFE3D65B-15F5-4D65-B80F-15712B9AF151}.Release|iPhone.ActiveCfg = Release|iPhone
		{AFE3D65B-15F5-4D65-B80F-15712B9AF151}.Release|iPhone.Build.0 = Release|iPhone
		{AFE3D65B-15F5-4D65-B80F-15712B9AF151}.Release|iPhone.Deploy.0 = Release|iPhone
		{AFE3D65B-15F5-4D65-B80F-15712B9AF151}.Release|iPhoneSimulator.ActiveCfg = Release|iPhoneSimulator
		{AFE3D65B-15F5-4D65-B80F-15712B9AF151}.Release|iPhoneSimulator.Build.0 = Release|iPhoneSimulator
		{AFE3D65B-15F5-4D65-B80F-15712B9AF151}.Release|iPhoneSimulator.Deploy.0 = Release|iPhoneSimulator
		{A295E98B-F5A7-4A78-A312-1143B46A3B7E}.Debug|Any CPU.ActiveCfg = Debug|Any CPU
		{A295E98B-F5A7-4A78-A312-1143B46A3B7E}.Debug|Any CPU.Build.0 = Debug|Any CPU
		{A295E98B-F5A7-4A78-A312-1143B46A3B7E}.Debug|Any CPU.Deploy.0 = Debug|Any CPU
		{A295E98B-F5A7-4A78-A312-1143B46A3B7E}.Debug|iPhone.ActiveCfg = Debug|Any CPU
		{A295E98B-F5A7-4A78-A312-1143B46A3B7E}.Debug|iPhone.Build.0 = Debug|Any CPU
		{A295E98B-F5A7-4A78-A312-1143B46A3B7E}.Debug|iPhone.Deploy.0 = Debug|Any CPU
		{A295E98B-F5A7-4A78-A312-1143B46A3B7E}.Debug|iPhoneSimulator.ActiveCfg = Debug|Any CPU
		{A295E98B-F5A7-4A78-A312-1143B46A3B7E}.Debug|iPhoneSimulator.Build.0 = Debug|Any CPU
		{A295E98B-F5A7-4A78-A312-1143B46A3B7E}.Debug|iPhoneSimulator.Deploy.0 = Debug|Any CPU
		{A295E98B-F5A7-4A78-A312-1143B46A3B7E}.Release|Any CPU.ActiveCfg = Release|Any CPU
		{A295E98B-F5A7-4A78-A312-1143B46A3B7E}.Release|Any CPU.Build.0 = Release|Any CPU
		{A295E98B-F5A7-4A78-A312-1143B46A3B7E}.Release|Any CPU.Deploy.0 = Release|Any CPU
		{A295E98B-F5A7-4A78-A312-1143B46A3B7E}.Release|iPhone.ActiveCfg = Release|Any CPU
		{A295E98B-F5A7-4A78-A312-1143B46A3B7E}.Release|iPhone.Build.0 = Release|Any CPU
		{A295E98B-F5A7-4A78-A312-1143B46A3B7E}.Release|iPhone.Deploy.0 = Release|Any CPU
		{A295E98B-F5A7-4A78-A312-1143B46A3B7E}.Release|iPhoneSimulator.ActiveCfg = Release|Any CPU
		{A295E98B-F5A7-4A78-A312-1143B46A3B7E}.Release|iPhoneSimulator.Build.0 = Release|Any CPU
		{A295E98B-F5A7-4A78-A312-1143B46A3B7E}.Release|iPhoneSimulator.Deploy.0 = Release|Any CPU
	EndGlobalSection
	GlobalSection(SolutionProperties) = preSolution
		HideSolutionNode = FALSE
	EndGlobalSection
	GlobalSection(ExtensibilityGlobals) = postSolution
		SolutionGuid = {759DD46A-9094-4FFD-B425-FB7E479CCAC1}
	EndGlobalSection
EndGlobal
